
Microsoft Visual Studio Solution File, Format Version 12.00
# Visual Studio 15
VisualStudioVersion = 15.0.28307.271
MinimumVisualStudioVersion = 10.0.40219.1
Project("{9A19103F-16F7-4668-BE54-9A1E7A4F7556}") = "ShoppingCart.Web", "ShoppingCart.Web\ShoppingCart.Web.csproj", "{C889C416-56F9-45E5-8EDA-B64ADD352AF3}"
EndProject
Project("{9A19103F-16F7-4668-BE54-9A1E7A4F7556}") = "ShoppingCart.Web.Tests", "ShoppingCart.Web.Tests\ShoppingCart.Web.Tests.csproj", "{CC99D617-044A-4B5E-8577-BF4BE9E41AD0}"
EndProject
Global
	GlobalSection(SolutionConfigurationPlatforms) = preSolution
		Debug|Any CPU = Debug|Any CPU
		Release|Any CPU = Release|Any CPU
	EndGlobalSection
	GlobalSection(ProjectConfigurationPlatforms) = postSolution
		{C889C416-56F9-45E5-8EDA-B64ADD352AF3}.Debug|Any CPU.ActiveCfg = Debug|Any CPU
		{C889C416-56F9-45E5-8EDA-B64ADD352AF3}.Debug|Any CPU.Build.0 = Debug|Any CPU
		{C889C416-56F9-45E5-8EDA-B64ADD352AF3}.Release|Any CPU.ActiveCfg = Release|Any CPU
		{C889C416-56F9-45E5-8EDA-B64ADD352AF3}.Release|Any CPU.Build.0 = Release|Any CPU
		{CC99D617-044A-4B5E-8577-BF4BE9E41AD0}.Debug|Any CPU.ActiveCfg = Debug|Any CPU
		{CC99D617-044A-4B5E-8577-BF4BE9E41AD0}.Debug|Any CPU.Build.0 = Debug|Any CPU
		{CC99D617-044A-4B5E-8577-BF4BE9E41AD0}.Release|Any CPU.ActiveCfg = Release|Any CPU
		{CC99D617-044A-4B5E-8577-BF4BE9E41AD0}.Release|Any CPU.Build.0 = Release|Any CPU
	EndGlobalSection
	GlobalSection(SolutionProperties) = preSolution
		HideSolutionNode = FALSE
	EndGlobalSection
	GlobalSection(ExtensibilityGlobals) = postSolution
		SolutionGuid = {BEDF8E52-B71A-472A-87FF-0708C8434E04}
	EndGlobalSection
EndGlobal
